<?xml version="1.0" encoding="utf-8"?>
<Project ToolsVersion="4.0" xmlns="http://schemas.microsoft.com/developer/msbuild/2003">
  <ItemGroup>
    <Filter Include="Source Files">
      <UniqueIdentifier>{4FC737F1-C7A5-4376-A066-2A32D752A2FF}</UniqueIdentifier>
      <Extensions>cpp;c;cc;cxx;c++;cppm;ixx;def;odl;idl;hpj;bat;asm;asmx</Extensions>
    </Filter>
    <Filter Include="Header Files">
      <UniqueIdentifier>{93995380-89BD-4b04-88EB-625FBE52EBFB}</UniqueIdentifier>
      <Extensions>h;hh;hpp;hxx;h++;hm;inl;inc;ipp;xsd</Extensions>
    </Filter>
    <Filter Include="Resource Files">
      <UniqueIdentifier>{67DA6AB6-F800-4c08-8B7A-83BB121AAD01}</UniqueIdentifier>
      <Extensions>rc;ico;cur;bmp;dlg;rc2;rct;bin;rgs;gif;jpg;jpeg;jpe;resx;tiff;tif;png;wav;mfcribbon-ms</Extensions>
    </Filter>
    <Filter Include="Header Files\Questions">
      <UniqueIdentifier>{e18e812f-c418-417e-9363-efa5b6687f73}</UniqueIdentifier>
    </Filter>
    <Filter Include="Source Files\Questions">
      <UniqueIdentifier>{37338e7f-a22d-49ac-9a2b-62c55dc05b1c}</UniqueIdentifier>
    </Filter>
  </ItemGroup>
  <ItemGroup>
    <ClCompile Include="Quiz_Master.cpp">
      <Filter>Source Files</Filter>
    </ClCompile>
    <ClCompile Include="source\helpers\MyString.cpp">
      <Filter>Source Files</Filter>
    </ClCompile>
    <ClCompile Include="source\helpers\Utils.cpp">
      <Filter>Source Files</Filter>
    </ClCompile>
    <ClCompile Include="source\questions\Question.cpp">
      <Filter>Source Files\Questions</Filter>
    </ClCompile>
    <ClCompile Include="source\questions\TrueOrFalseQuestion.cpp">
      <Filter>Source Files\Questions</Filter>
    </ClCompile>
    <ClCompile Include="source\questions\SingleChoiceQuestion.cpp">
      <Filter>Source Files\Questions</Filter>
    </ClCompile>
    <ClCompile Include="source\questions\ShortAnswerQuestion.cpp">
      <Filter>Source Files\Questions</Filter>
    </ClCompile>
    <ClCompile Include="source\questions\MatchingPairsQuestion.cpp">
      <Filter>Source Files\Questions</Filter>
    </ClCompile>
    <ClCompile Include="source\questions\QuestionsRepository.cpp">
      <Filter>Source Files</Filter>
    </ClCompile>
    <ClCompile Include="source\questions\QuestionFactory.cpp">
      <Filter>Source Files</Filter>
    </ClCompile>
    <ClCompile Include="source\users\User.cpp">
      <Filter>Source Files</Filter>
    </ClCompile>
    <ClCompile Include="source\users\UserFactory.cpp">
      <Filter>Source Files</Filter>
    </ClCompile>
    <ClCompile Include="source\users\Player.cpp">
      <Filter>Source Files</Filter>
    </ClCompile>
    <ClCompile Include="source\Report.cpp">
      <Filter>Source Files</Filter>
    </ClCompile>
    <ClCompile Include="source\Time.cpp">
      <Filter>Source Files</Filter>
    </ClCompile>
    <ClCompile Include="source\questions\MultipleChoiceQuestion.cpp">
      <Filter>Source Files</Filter>
    </ClCompile>
    <ClCompile Include="source\users\Admin.cpp">
      <Filter>Source Files</Filter>
    </ClCompile>
    <ClCompile Include="source\Message.cpp">
      <Filter>Source Files</Filter>
    </ClCompile>
    <ClCompile Include="source\quizes\Quiz.cpp">
      <Filter>Source Files</Filter>
    </ClCompile>
    <ClCompile Include="source\challenges\Challenge.cpp">
      <Filter>Source Files</Filter>
    </ClCompile>
    <ClCompile Include="source\challenges\UserChallenge.cpp">
      <Filter>Source Files</Filter>
    </ClCompile>
    <ClCompile Include="source\quizes\QuizAttempt.cpp">
      <Filter>Source Files</Filter>
    </ClCompile>
    <ClCompile Include="source\quizes\UserQuiz.cpp">
      <Filter>Source Files</Filter>
    </ClCompile>
    <ClCompile Include="source\Context.cpp">
      <Filter>Source Files</Filter>
    </ClCompile>
    <ClCompile Include="source\users\UserRepository.cpp">
      <Filter>Source Files</Filter>
    </ClCompile>
    <ClCompile Include="source\commands\Command.cpp">
      <Filter>Source Files</Filter>
    </ClCompile>
    <ClCompile Include="source\commands\SignUpCommand.cpp">
      <Filter>Source Files</Filter>
    </ClCompile>
    <ClCompile Include="source\helpers\Validate.cpp">
      <Filter>Source Files</Filter>
    </ClCompile>
    <ClCompile Include="source\commands\LoginCommand.cpp">
      <Filter>Source Files</Filter>
    </ClCompile>
    <ClCompile Include="source\commands\LogoutCommand.cpp">
      <Filter>Source Files</Filter>
    </ClCompile>
    <ClCompile Include="source\commands\ApproveQuizCommand.cpp">
      <Filter>Source Files</Filter>
    </ClCompile>
    <ClCompile Include="source\quizes\services\QuizService.cpp">
      <Filter>Source Files</Filter>
    </ClCompile>
  </ItemGroup>
  <ItemGroup>
    <ClInclude Include="headers\helpers\Constants.h">
      <Filter>Header Files</Filter>
    </ClInclude>
    <ClInclude Include="headers\helpers\MyString.h">
      <Filter>Header Files</Filter>
    </ClInclude>
    <ClInclude Include="headers\helpers\Utils.h">
      <Filter>Header Files</Filter>
    </ClInclude>
    <ClInclude Include="headers\helpers\Vector.hpp">
      <Filter>Header Files</Filter>
    </ClInclude>
    <ClInclude Include="headers\questions\Question.h">
      <Filter>Header Files\Questions</Filter>
    </ClInclude>
    <ClInclude Include="headers\questions\TrueOrFlaseQuestion.h">
      <Filter>Header Files\Questions</Filter>
    </ClInclude>
    <ClInclude Include="headers\questions\SingleChoiceQuestion.h">
      <Filter>Header Files\Questions</Filter>
    </ClInclude>
    <ClInclude Include="headers\questions\ShortAnswerQuestion.h">
      <Filter>Header Files\Questions</Filter>
    </ClInclude>
    <ClInclude Include="headers\helpers\Pair.hpp">
      <Filter>Header Files</Filter>
    </ClInclude>
    <ClInclude Include="headers\questions\MatchingPairsQuestions.h">
      <Filter>Header Files\Questions</Filter>
    </ClInclude>
    <ClInclude Include="headers\questions\QuestionsRepository.h">
      <Filter>Header Files</Filter>
    </ClInclude>
    <ClInclude Include="headers\questions\QuestionFactory.h">
      <Filter>Header Files</Filter>
    </ClInclude>
    <ClInclude Include="headers\users\User.h">
      <Filter>Header Files</Filter>
    </ClInclude>
    <ClInclude Include="headers\users\UserFactory.h">
      <Filter>Header Files</Filter>
    </ClInclude>
    <ClInclude Include="headers\users\Player.h">
      <Filter>Header Files</Filter>
    </ClInclude>
    <ClInclude Include="headers\Report.h">
      <Filter>Header Files</Filter>
    </ClInclude>
    <ClInclude Include="headers\Time.h">
      <Filter>Header Files</Filter>
    </ClInclude>
    <ClInclude Include="headers\questions\MultipleChoiceQuestion.h">
      <Filter>Header Files</Filter>
    </ClInclude>
    <ClInclude Include="headers\users\Admin.h">
      <Filter>Header Files</Filter>
    </ClInclude>
    <ClInclude Include="headers\Message.h">
      <Filter>Header Files</Filter>
    </ClInclude>
    <ClInclude Include="headers\quizes\Quiz.h">
      <Filter>Header Files</Filter>
    </ClInclude>
    <ClInclude Include="headers\challenges\Challenge.h">
      <Filter>Header Files</Filter>
    </ClInclude>
    <ClInclude Include="headers\challenges\UserChallenge.h">
      <Filter>Header Files</Filter>
    </ClInclude>
    <ClInclude Include="headers\quizes\QuizAttempt.h">
      <Filter>Header Files</Filter>
    </ClInclude>
    <ClInclude Include="headers\quizes\UserQuiz.h">
      <Filter>Header Files</Filter>
    </ClInclude>
    <ClInclude Include="headers\Context.h">
      <Filter>Header Files</Filter>
    </ClInclude>
    <ClInclude Include="headers\users\UserRepository.h">
      <Filter>Header Files</Filter>
    </ClInclude>
    <ClInclude Include="headers\helpers\SystemMessages.h">
      <Filter>Header Files</Filter>
    </ClInclude>
    <ClInclude Include="headers\commands\Command.h">
      <Filter>Header Files</Filter>
    </ClInclude>
    <ClInclude Include="headers\commands\SignUpCommand.h">
      <Filter>Header Files</Filter>
    </ClInclude>
    <ClInclude Include="headers\helpers\Validate.h">
      <Filter>Header Files</Filter>
    </ClInclude>
    <ClInclude Include="headers\commands\LoginCommand.h">
      <Filter>Header Files</Filter>
    </ClInclude>
    <ClInclude Include="headers\commands\LogoutCommand.h">
      <Filter>Header Files</Filter>
    </ClInclude>
    <ClInclude Include="headers\commands\ApproveQuizCommand.h">
      <Filter>Header Files</Filter>
    </ClInclude>
    <ClInclude Include="headers\quizes\services\QuizService.h">
      <Filter>Header Files</Filter>
    </ClInclude>
  </ItemGroup>
</Project>